// !$*UTF8*$!
{
	archiveVersion = 1;
	classes = {
	};
	objectVersion = 55;
	objects = {

/* Begin PBXBuildFile section */
		6068C2B2275D335800826E20 /* Building.swift in Sources */ = {isa = PBXBuildFile; fileRef = 6068C2B1275D335800826E20 /* Building.swift */; };
		6068C2B4275D353500826E20 /* BuildingData.swift in Sources */ = {isa = PBXBuildFile; fileRef = 6068C2B3275D353500826E20 /* BuildingData.swift */; };
		6068C2B7275D38EE00826E20 /* buildings.json in Resources */ = {isa = PBXBuildFile; fileRef = 6068C2B6275D38EE00826E20 /* buildings.json */; };
		6068C2BA275D39F100826E20 /* BuildingRow.swift in Sources */ = {isa = PBXBuildFile; fileRef = 6068C2B9275D39F100826E20 /* BuildingRow.swift */; };
		6068C2BC275D3C2200826E20 /* BuildingList.swift in Sources */ = {isa = PBXBuildFile; fileRef = 6068C2BB275D3C2200826E20 /* BuildingList.swift */; };
		6068C2BE275D3D3F00826E20 /* BuildingDetail.swift in Sources */ = {isa = PBXBuildFile; fileRef = 6068C2BD275D3D3F00826E20 /* BuildingDetail.swift */; };
		6068C2C9275D75CA00826E20 /* ClassData.swift in Sources */ = {isa = PBXBuildFile; fileRef = 6068C2C8275D75CA00826E20 /* ClassData.swift */; };
		6068C2CB275D763800826E20 /* Class.swift in Sources */ = {isa = PBXBuildFile; fileRef = 6068C2CA275D763800826E20 /* Class.swift */; };
		6068C2CD275D7CAA00826E20 /* schedule.json in Resources */ = {isa = PBXBuildFile; fileRef = 6068C2CC275D7CAA00826E20 /* schedule.json */; };
		6068C2CF275D7E2000826E20 /* ClassRow.swift in Sources */ = {isa = PBXBuildFile; fileRef = 6068C2CE275D7E2000826E20 /* ClassRow.swift */; };
		6068C2D1275D874100826E20 /* ClassList.swift in Sources */ = {isa = PBXBuildFile; fileRef = 6068C2D0275D874100826E20 /* ClassList.swift */; };
		6068C2D3275D968B00826E20 /* LocationManager.swift in Sources */ = {isa = PBXBuildFile; fileRef = 6068C2D2275D968B00826E20 /* LocationManager.swift */; };
		60ADE2B3275C1FA20099D3FD /* CircleImage.swift in Sources */ = {isa = PBXBuildFile; fileRef = 60ADE2B2275C1FA20099D3FD /* CircleImage.swift */; };
		60ADE2B5275C23410099D3FD /* MapView.swift in Sources */ = {isa = PBXBuildFile; fileRef = 60ADE2B4275C23410099D3FD /* MapView.swift */; };
		60B4BFA9275958D700C61469 /* UMBC_AppApp.swift in Sources */ = {isa = PBXBuildFile; fileRef = 60B4BFA8275958D700C61469 /* UMBC_AppApp.swift */; };
		60B4BFAB275958D700C61469 /* ContentView.swift in Sources */ = {isa = PBXBuildFile; fileRef = 60B4BFAA275958D700C61469 /* ContentView.swift */; };
		60B4BFAD275958D900C61469 /* Assets.xcassets in Resources */ = {isa = PBXBuildFile; fileRef = 60B4BFAC275958D900C61469 /* Assets.xcassets */; };
		60B4BFB0275958D900C61469 /* Preview Assets.xcassets in Resources */ = {isa = PBXBuildFile; fileRef = 60B4BFAF275958D900C61469 /* Preview Assets.xcassets */; };
		60B4BFBA275958D900C61469 /* UMBC_AppTests.swift in Sources */ = {isa = PBXBuildFile; fileRef = 60B4BFB9275958D900C61469 /* UMBC_AppTests.swift */; };
		60B4BFC4275958D900C61469 /* UMBC_AppUITests.swift in Sources */ = {isa = PBXBuildFile; fileRef = 60B4BFC3275958D900C61469 /* UMBC_AppUITests.swift */; };
		60B4BFC6275958D900C61469 /* UMBC_AppUITestsLaunchTests.swift in Sources */ = {isa = PBXBuildFile; fileRef = 60B4BFC5275958D900C61469 /* UMBC_AppUITestsLaunchTests.swift */; };
/* End PBXBuildFile section */

/* Begin PBXContainerItemProxy section */
		60B4BFB6275958D900C61469 /* PBXContainerItemProxy */ = {
			isa = PBXContainerItemProxy;
			containerPortal = 60B4BF9D275958D700C61469 /* Project object */;
			proxyType = 1;
			remoteGlobalIDString = 60B4BFA4275958D700C61469;
			remoteInfo = "UMBC App";
		};
		60B4BFC0275958D900C61469 /* PBXContainerItemProxy */ = {
			isa = PBXContainerItemProxy;
			containerPortal = 60B4BF9D275958D700C61469 /* Project object */;
			proxyType = 1;
			remoteGlobalIDString = 60B4BFA4275958D700C61469;
			remoteInfo = "UMBC App";
		};
/* End PBXContainerItemProxy section */

/* Begin PBXFileReference section */
		6068C2B1275D335800826E20 /* Building.swift */ = {isa = PBXFileReference; lastKnownFileType = sourcecode.swift; path = Building.swift; sourceTree = "<group>"; };
		6068C2B3275D353500826E20 /* BuildingData.swift */ = {isa = PBXFileReference; lastKnownFileType = sourcecode.swift; path = BuildingData.swift; sourceTree = "<group>"; };
		6068C2B6275D38EE00826E20 /* buildings.json */ = {isa = PBXFileReference; fileEncoding = 4; lastKnownFileType = text.json; path = buildings.json; sourceTree = "<group>"; };
		6068C2B9275D39F100826E20 /* BuildingRow.swift */ = {isa = PBXFileReference; lastKnownFileType = sourcecode.swift; path = BuildingRow.swift; sourceTree = "<group>"; };
		6068C2BB275D3C2200826E20 /* BuildingList.swift */ = {isa = PBXFileReference; lastKnownFileType = sourcecode.swift; path = BuildingList.swift; sourceTree = "<group>"; };
		6068C2BD275D3D3F00826E20 /* BuildingDetail.swift */ = {isa = PBXFileReference; lastKnownFileType = sourcecode.swift; path = BuildingDetail.swift; sourceTree = "<group>"; };
		6068C2C8275D75CA00826E20 /* ClassData.swift */ = {isa = PBXFileReference; lastKnownFileType = sourcecode.swift; path = ClassData.swift; sourceTree = "<group>"; };
		6068C2CA275D763800826E20 /* Class.swift */ = {isa = PBXFileReference; lastKnownFileType = sourcecode.swift; path = Class.swift; sourceTree = "<group>"; };
		6068C2CC275D7CAA00826E20 /* schedule.json */ = {isa = PBXFileReference; lastKnownFileType = text.json; path = schedule.json; sourceTree = "<group>"; };
		6068C2CE275D7E2000826E20 /* ClassRow.swift */ = {isa = PBXFileReference; lastKnownFileType = sourcecode.swift; path = ClassRow.swift; sourceTree = "<group>"; };
		6068C2D0275D874100826E20 /* ClassList.swift */ = {isa = PBXFileReference; lastKnownFileType = sourcecode.swift; path = ClassList.swift; sourceTree = "<group>"; };
		6068C2D2275D968B00826E20 /* LocationManager.swift */ = {isa = PBXFileReference; lastKnownFileType = sourcecode.swift; path = LocationManager.swift; sourceTree = "<group>"; };
		6068C2D4275D9C3100826E20 /* UMBC-App-Info.plist */ = {isa = PBXFileReference; lastKnownFileType = text.plist; path = "UMBC-App-Info.plist"; sourceTree = SOURCE_ROOT; };
		60ADE2B2275C1FA20099D3FD /* CircleImage.swift */ = {isa = PBXFileReference; lastKnownFileType = sourcecode.swift; path = CircleImage.swift; sourceTree = "<group>"; };
		60ADE2B4275C23410099D3FD /* MapView.swift */ = {isa = PBXFileReference; lastKnownFileType = sourcecode.swift; path = MapView.swift; sourceTree = "<group>"; };
		60B4BFA5275958D700C61469 /* UMBC App.app */ = {isa = PBXFileReference; explicitFileType = wrapper.application; includeInIndex = 0; path = "UMBC App.app"; sourceTree = BUILT_PRODUCTS_DIR; };
		60B4BFA8275958D700C61469 /* UMBC_AppApp.swift */ = {isa = PBXFileReference; lastKnownFileType = sourcecode.swift; path = UMBC_AppApp.swift; sourceTree = "<group>"; };
		60B4BFAA275958D700C61469 /* ContentView.swift */ = {isa = PBXFileReference; lastKnownFileType = sourcecode.swift; path = ContentView.swift; sourceTree = "<group>"; };
		60B4BFAC275958D900C61469 /* Assets.xcassets */ = {isa = PBXFileReference; lastKnownFileType = folder.assetcatalog; path = Assets.xcassets; sourceTree = "<group>"; };
		60B4BFAF275958D900C61469 /* Preview Assets.xcassets */ = {isa = PBXFileReference; lastKnownFileType = folder.assetcatalog; path = "Preview Assets.xcassets"; sourceTree = "<group>"; };
		60B4BFB5275958D900C61469 /* UMBC AppTests.xctest */ = {isa = PBXFileReference; explicitFileType = wrapper.cfbundle; includeInIndex = 0; path = "UMBC AppTests.xctest"; sourceTree = BUILT_PRODUCTS_DIR; };
		60B4BFB9275958D900C61469 /* UMBC_AppTests.swift */ = {isa = PBXFileReference; lastKnownFileType = sourcecode.swift; path = UMBC_AppTests.swift; sourceTree = "<group>"; };
		60B4BFBF275958D900C61469 /* UMBC AppUITests.xctest */ = {isa = PBXFileReference; explicitFileType = wrapper.cfbundle; includeInIndex = 0; path = "UMBC AppUITests.xctest"; sourceTree = BUILT_PRODUCTS_DIR; };
		60B4BFC3275958D900C61469 /* UMBC_AppUITests.swift */ = {isa = PBXFileReference; lastKnownFileType = sourcecode.swift; path = UMBC_AppUITests.swift; sourceTree = "<group>"; };
		60B4BFC5275958D900C61469 /* UMBC_AppUITestsLaunchTests.swift */ = {isa = PBXFileReference; lastKnownFileType = sourcecode.swift; path = UMBC_AppUITestsLaunchTests.swift; sourceTree = "<group>"; };
/* End PBXFileReference section */

/* Begin PBXFrameworksBuildPhase section */
		60B4BFA2275958D700C61469 /* Frameworks */ = {
			isa = PBXFrameworksBuildPhase;
			buildActionMask = 2147483647;
			files = (
			);
			runOnlyForDeploymentPostprocessing = 0;
		};
		60B4BFB2275958D900C61469 /* Frameworks */ = {
			isa = PBXFrameworksBuildPhase;
			buildActionMask = 2147483647;
			files = (
			);
			runOnlyForDeploymentPostprocessing = 0;
		};
		60B4BFBC275958D900C61469 /* Frameworks */ = {
			isa = PBXFrameworksBuildPhase;
			buildActionMask = 2147483647;
			files = (
			);
			runOnlyForDeploymentPostprocessing = 0;
		};
/* End PBXFrameworksBuildPhase section */

/* Begin PBXGroup section */
		6068C2B5275D38C000826E20 /* Resources */ = {
			isa = PBXGroup;
			children = (
				6068C2B6275D38EE00826E20 /* buildings.json */,
				6068C2CC275D7CAA00826E20 /* schedule.json */,
			);
			path = Resources;
			sourceTree = "<group>";
		};
		6068C2B8275D39AE00826E20 /* Map */ = {
			isa = PBXGroup;
			children = (
				60ADE2B2275C1FA20099D3FD /* CircleImage.swift */,
				60ADE2B4275C23410099D3FD /* MapView.swift */,
				6068C2D2275D968B00826E20 /* LocationManager.swift */,
				6068C2B1275D335800826E20 /* Building.swift */,
				6068C2B3275D353500826E20 /* BuildingData.swift */,
				6068C2B9275D39F100826E20 /* BuildingRow.swift */,
				6068C2BB275D3C2200826E20 /* BuildingList.swift */,
				6068C2BD275D3D3F00826E20 /* BuildingDetail.swift */,
			);
			path = Map;
			sourceTree = "<group>";
		};
		6068C2C7275D759E00826E20 /* Student */ = {
			isa = PBXGroup;
			children = (
				6068C2C8275D75CA00826E20 /* ClassData.swift */,
				6068C2CA275D763800826E20 /* Class.swift */,
				6068C2CE275D7E2000826E20 /* ClassRow.swift */,
				6068C2D0275D874100826E20 /* ClassList.swift */,
			);
			path = Student;
			sourceTree = "<group>";
		};
		60B4BF9C275958D700C61469 = {
			isa = PBXGroup;
			children = (
				60B4BFA7275958D700C61469 /* UMBC App */,
				60B4BFB8275958D900C61469 /* UMBC AppTests */,
				60B4BFC2275958D900C61469 /* UMBC AppUITests */,
				60B4BFA6275958D700C61469 /* Products */,
			);
			sourceTree = "<group>";
		};
		60B4BFA6275958D700C61469 /* Products */ = {
			isa = PBXGroup;
			children = (
				60B4BFA5275958D700C61469 /* UMBC App.app */,
				60B4BFB5275958D900C61469 /* UMBC AppTests.xctest */,
				60B4BFBF275958D900C61469 /* UMBC AppUITests.xctest */,
			);
			name = Products;
			sourceTree = "<group>";
		};
		60B4BFA7275958D700C61469 /* UMBC App */ = {
			isa = PBXGroup;
			children = (
				6068C2D4275D9C3100826E20 /* UMBC-App-Info.plist */,
				6068C2C7275D759E00826E20 /* Student */,
				6068C2B5275D38C000826E20 /* Resources */,
				60B4BFA8275958D700C61469 /* UMBC_AppApp.swift */,
				60B4BFAA275958D700C61469 /* ContentView.swift */,
				60B4BFAC275958D900C61469 /* Assets.xcassets */,
				6068C2B8275D39AE00826E20 /* Map */,
				60B4BFAE275958D900C61469 /* Preview Content */,
			);
			path = "UMBC App";
			sourceTree = "<group>";
		};
		60B4BFAE275958D900C61469 /* Preview Content */ = {
			isa = PBXGroup;
			children = (
				60B4BFAF275958D900C61469 /* Preview Assets.xcassets */,
			);
			path = "Preview Content";
			sourceTree = "<group>";
		};
		60B4BFB8275958D900C61469 /* UMBC AppTests */ = {
			isa = PBXGroup;
			children = (
				60B4BFB9275958D900C61469 /* UMBC_AppTests.swift */,
			);
			path = "UMBC AppTests";
			sourceTree = "<group>";
		};
		60B4BFC2275958D900C61469 /* UMBC AppUITests */ = {
			isa = PBXGroup;
			children = (
				60B4BFC3275958D900C61469 /* UMBC_AppUITests.swift */,
				60B4BFC5275958D900C61469 /* UMBC_AppUITestsLaunchTests.swift */,
			);
			path = "UMBC AppUITests";
			sourceTree = "<group>";
		};
/* End PBXGroup section */

/* Begin PBXNativeTarget section */
		60B4BFA4275958D700C61469 /* UMBC App */ = {
			isa = PBXNativeTarget;
			buildConfigurationList = 60B4BFC9275958D900C61469 /* Build configuration list for PBXNativeTarget "UMBC App" */;
			buildPhases = (
				60B4BFA1275958D700C61469 /* Sources */,
				60B4BFA2275958D700C61469 /* Frameworks */,
				60B4BFA3275958D700C61469 /* Resources */,
			);
			buildRules = (
			);
			dependencies = (
			);
			name = "UMBC App";
			productName = "UMBC App";
			productReference = 60B4BFA5275958D700C61469 /* UMBC App.app */;
			productType = "com.apple.product-type.application";
		};
		60B4BFB4275958D900C61469 /* UMBC AppTests */ = {
			isa = PBXNativeTarget;
			buildConfigurationList = 60B4BFCC275958D900C61469 /* Build configuration list for PBXNativeTarget "UMBC AppTests" */;
			buildPhases = (
				60B4BFB1275958D900C61469 /* Sources */,
				60B4BFB2275958D900C61469 /* Frameworks */,
				60B4BFB3275958D900C61469 /* Resources */,
			);
			buildRules = (
			);
			dependencies = (
				60B4BFB7275958D900C61469 /* PBXTargetDependency */,
			);
			name = "UMBC AppTests";
			productName = "UMBC AppTests";
			productReference = 60B4BFB5275958D900C61469 /* UMBC AppTests.xctest */;
			productType = "com.apple.product-type.bundle.unit-test";
		};
		60B4BFBE275958D900C61469 /* UMBC AppUITests */ = {
			isa = PBXNativeTarget;
			buildConfigurationList = 60B4BFCF275958D900C61469 /* Build configuration list for PBXNativeTarget "UMBC AppUITests" */;
			buildPhases = (
				60B4BFBB275958D900C61469 /* Sources */,
				60B4BFBC275958D900C61469 /* Frameworks */,
				60B4BFBD275958D900C61469 /* Resources */,
			);
			buildRules = (
			);
			dependencies = (
				60B4BFC1275958D900C61469 /* PBXTargetDependency */,
			);
			name = "UMBC AppUITests";
			productName = "UMBC AppUITests";
			productReference = 60B4BFBF275958D900C61469 /* UMBC AppUITests.xctest */;
			productType = "com.apple.product-type.bundle.ui-testing";
		};
/* End PBXNativeTarget section */

/* Begin PBXProject section */
		60B4BF9D275958D700C61469 /* Project object */ = {
			isa = PBXProject;
			attributes = {
				BuildIndependentTargetsInParallel = 1;
				LastSwiftUpdateCheck = 1310;
				LastUpgradeCheck = 1310;
				TargetAttributes = {
					60B4BFA4275958D700C61469 = {
						CreatedOnToolsVersion = 13.1;
					};
					60B4BFB4275958D900C61469 = {
						CreatedOnToolsVersion = 13.1;
						TestTargetID = 60B4BFA4275958D700C61469;
					};
					60B4BFBE275958D900C61469 = {
						CreatedOnToolsVersion = 13.1;
						TestTargetID = 60B4BFA4275958D700C61469;
					};
				};
			};
			buildConfigurationList = 60B4BFA0275958D700C61469 /* Build configuration list for PBXProject "UMBC App" */;
			compatibilityVersion = "Xcode 13.0";
			developmentRegion = en;
			hasScannedForEncodings = 0;
			knownRegions = (
				en,
				Base,
			);
			mainGroup = 60B4BF9C275958D700C61469;
			productRefGroup = 60B4BFA6275958D700C61469 /* Products */;
			projectDirPath = "";
			projectRoot = "";
			targets = (
				60B4BFA4275958D700C61469 /* UMBC App */,
				60B4BFB4275958D900C61469 /* UMBC AppTests */,
				60B4BFBE275958D900C61469 /* UMBC AppUITests */,
			);
		};
/* End PBXProject section */

/* Begin PBXResourcesBuildPhase section */
		60B4BFA3275958D700C61469 /* Resources */ = {
			isa = PBXResourcesBuildPhase;
			buildActionMask = 2147483647;
			files = (
				60B4BFB0275958D900C61469 /* Preview Assets.xcassets in Resources */,
				6068C2B7275D38EE00826E20 /* buildings.json in Resources */,
				60B4BFAD275958D900C61469 /* Assets.xcassets in Resources */,
				6068C2CD275D7CAA00826E20 /* schedule.json in Resources */,
			);
			runOnlyForDeploymentPostprocessing = 0;
		};
		60B4BFB3275958D900C61469 /* Resources */ = {
			isa = PBXResourcesBuildPhase;
			buildActionMask = 2147483647;
			files = (
			);
			runOnlyForDeploymentPostprocessing = 0;
		};
		60B4BFBD275958D900C61469 /* Resources */ = {
			isa = PBXResourcesBuildPhase;
			buildActionMask = 2147483647;
			files = (
			);
			runOnlyForDeploymentPostprocessing = 0;
		};
/* End PBXResourcesBuildPhase section */

/* Begin PBXSourcesBuildPhase section */
		60B4BFA1275958D700C61469 /* Sources */ = {
			isa = PBXSourcesBuildPhase;
			buildActionMask = 2147483647;
			files = (
				6068C2D1275D874100826E20 /* ClassList.swift in Sources */,
				6068C2BE275D3D3F00826E20 /* BuildingDetail.swift in Sources */,
				6068C2CB275D763800826E20 /* Class.swift in Sources */,
				60B4BFAB275958D700C61469 /* ContentView.swift in Sources */,
				6068C2CF275D7E2000826E20 /* ClassRow.swift in Sources */,
				6068C2BC275D3C2200826E20 /* BuildingList.swift in Sources */,
				6068C2B2275D335800826E20 /* Building.swift in Sources */,
				6068C2BA275D39F100826E20 /* BuildingRow.swift in Sources */,
				6068C2B4275D353500826E20 /* BuildingData.swift in Sources */,
				60ADE2B5275C23410099D3FD /* MapView.swift in Sources */,
				6068C2D3275D968B00826E20 /* LocationManager.swift in Sources */,
				60B4BFA9275958D700C61469 /* UMBC_AppApp.swift in Sources */,
				60ADE2B3275C1FA20099D3FD /* CircleImage.swift in Sources */,
				6068C2C9275D75CA00826E20 /* ClassData.swift in Sources */,
			);
			runOnlyForDeploymentPostprocessing = 0;
		};
		60B4BFB1275958D900C61469 /* Sources */ = {
			isa = PBXSourcesBuildPhase;
			buildActionMask = 2147483647;
			files = (
				60B4BFBA275958D900C61469 /* UMBC_AppTests.swift in Sources */,
			);
			runOnlyForDeploymentPostprocessing = 0;
		};
		60B4BFBB275958D900C61469 /* Sources */ = {
			isa = PBXSourcesBuildPhase;
			buildActionMask = 2147483647;
			files = (
				60B4BFC6275958D900C61469 /* UMBC_AppUITestsLaunchTests.swift in Sources */,
				60B4BFC4275958D900C61469 /* UMBC_AppUITests.swift in Sources */,
			);
			runOnlyForDeploymentPostprocessing = 0;
		};
/* End PBXSourcesBuildPhase section */

/* Begin PBXTargetDependency section */
		60B4BFB7275958D900C61469 /* PBXTargetDependency */ = {
			isa = PBXTargetDependency;
			target = 60B4BFA4275958D700C61469 /* UMBC App */;
			targetProxy = 60B4BFB6275958D900C61469 /* PBXContainerItemProxy */;
		};
		60B4BFC1275958D900C61469 /* PBXTargetDependency */ = {
			isa = PBXTargetDependency;
			target = 60B4BFA4275958D700C61469 /* UMBC App */;
			targetProxy = 60B4BFC0275958D900C61469 /* PBXContainerItemProxy */;
		};
/* End PBXTargetDependency section */

/* Begin XCBuildConfiguration section */
		60B4BFC7275958D900C61469 /* Debug */ = {
			isa = XCBuildConfiguration;
			buildSettings = {
				ALWAYS_SEARCH_USER_PATHS = NO;
				CLANG_ANALYZER_NONNULL = YES;
				CLANG_ANALYZER_NUMBER_OBJECT_CONVERSION = YES_AGGRESSIVE;
				CLANG_CXX_LANGUAGE_STANDARD = "gnu++17";
				CLANG_CXX_LIBRARY = "libc++";
				CLANG_ENABLE_MODULES = YES;
				CLANG_ENABLE_OBJC_ARC = YES;
				CLANG_ENABLE_OBJC_WEAK = YES;
				CLANG_WARN_BLOCK_CAPTURE_AUTORELEASING = YES;
				CLANG_WARN_BOOL_CONVERSION = YES;
				CLANG_WARN_COMMA = YES;
				CLANG_WARN_CONSTANT_CONVERSION = YES;
				CLANG_WARN_DEPRECATED_OBJC_IMPLEMENTATIONS = YES;
				CLANG_WARN_DIRECT_OBJC_ISA_USAGE = YES_ERROR;
				CLANG_WARN_DOCUMENTATION_COMMENTS = YES;
				CLANG_WARN_EMPTY_BODY = YES;
				CLANG_WARN_ENUM_CONVERSION = YES;
				CLANG_WARN_INFINITE_RECURSION = YES;
				CLANG_WARN_INT_CONVERSION = YES;
				CLANG_WARN_NON_LITERAL_NULL_CONVERSION = YES;
				CLANG_WARN_OBJC_IMPLICIT_RETAIN_SELF = YES;
				CLANG_WARN_OBJC_LITERAL_CONVERSION = YES;
				CLANG_WARN_OBJC_ROOT_CLASS = YES_ERROR;
				CLANG_WARN_QUOTED_INCLUDE_IN_FRAMEWORK_HEADER = YES;
				CLANG_WARN_RANGE_LOOP_ANALYSIS = YES;
				CLANG_WARN_STRICT_PROTOTYPES = YES;
				CLANG_WARN_SUSPICIOUS_MOVE = YES;
				CLANG_WARN_UNGUARDED_AVAILABILITY = YES_AGGRESSIVE;
				CLANG_WARN_UNREACHABLE_CODE = YES;
				CLANG_WARN__DUPLICATE_METHOD_MATCH = YES;
				COPY_PHASE_STRIP = NO;
				DEBUG_INFORMATION_FORMAT = dwarf;
				ENABLE_STRICT_OBJC_MSGSEND = YES;
				ENABLE_TESTABILITY = YES;
				GCC_C_LANGUAGE_STANDARD = gnu11;
				GCC_DYNAMIC_NO_PIC = NO;
				GCC_NO_COMMON_BLOCKS = YES;
				GCC_OPTIMIZATION_LEVEL = 0;
				GCC_PREPROCESSOR_DEFINITIONS = (
					"DEBUG=1",
					"$(inherited)",
				);
				GCC_WARN_64_TO_32_BIT_CONVERSION = YES;
				GCC_WARN_ABOUT_RETURN_TYPE = YES_ERROR;
				GCC_WARN_UNDECLARED_SELECTOR = YES;
				GCC_WARN_UNINITIALIZED_AUTOS = YES_AGGRESSIVE;
				GCC_WARN_UNUSED_FUNCTION = YES;
				GCC_WARN_UNUSED_VARIABLE = YES;
				IPHONEOS_DEPLOYMENT_TARGET = 15.0;
				MTL_ENABLE_DEBUG_INFO = INCLUDE_SOURCE;
				MTL_FAST_MATH = YES;
				ONLY_ACTIVE_ARCH = YES;
				SDKROOT = iphoneos;
				SWIFT_ACTIVE_COMPILATION_CONDITIONS = DEBUG;
				SWIFT_OPTIMIZATION_LEVEL = "-Onone";
			};
			name = Debug;
		};
		60B4BFC8275958D900C61469 /* Release */ = {
			isa = XCBuildConfiguration;
			buildSettings = {
				ALWAYS_SEARCH_USER_PATHS = NO;
				CLANG_ANALYZER_NONNULL = YES;
				CLANG_ANALYZER_NUMBER_OBJECT_CONVERSION = YES_AGGRESSIVE;
				CLANG_CXX_LANGUAGE_STANDARD = "gnu++17";
				CLANG_CXX_LIBRARY = "libc++";
				CLANG_ENABLE_MODULES = YES;
				CLANG_ENABLE_OBJC_ARC = YES;
				CLANG_ENABLE_OBJC_WEAK = YES;
				CLANG_WARN_BLOCK_CAPTURE_AUTORELEASING = YES;
				CLANG_WARN_BOOL_CONVERSION = YES;
				CLANG_WARN_COMMA = YES;
				CLANG_WARN_CONSTANT_CONVERSION = YES;
				CLANG_WARN_DEPRECATED_OBJC_IMPLEMENTATIONS = YES;
				CLANG_WARN_DIRECT_OBJC_ISA_USAGE = YES_ERROR;
				CLANG_WARN_DOCUMENTATION_COMMENTS = YES;
				CLANG_WARN_EMPTY_BODY = YES;
				CLANG_WARN_ENUM_CONVERSION = YES;
				CLANG_WARN_INFINITE_RECURSION = YES;
				CLANG_WARN_INT_CONVERSION = YES;
				CLANG_WARN_NON_LITERAL_NULL_CONVERSION = YES;
				CLANG_WARN_OBJC_IMPLICIT_RETAIN_SELF = YES;
				CLANG_WARN_OBJC_LITERAL_CONVERSION = YES;
				CLANG_WARN_OBJC_ROOT_CLASS = YES_ERROR;
				CLANG_WARN_QUOTED_INCLUDE_IN_FRAMEWORK_HEADER = YES;
				CLANG_WARN_RANGE_LOOP_ANALYSIS = YES;
				CLANG_WARN_STRICT_PROTOTYPES = YES;
				CLANG_WARN_SUSPICIOUS_MOVE = YES;
				CLANG_WARN_UNGUARDED_AVAILABILITY = YES_AGGRESSIVE;
				CLANG_WARN_UNREACHABLE_CODE = YES;
				CLANG_WARN__DUPLICATE_METHOD_MATCH = YES;
				COPY_PHASE_STRIP = NO;
				DEBUG_INFORMATION_FORMAT = "dwarf-with-dsym";
				ENABLE_NS_ASSERTIONS = NO;
				ENABLE_STRICT_OBJC_MSGSEND = YES;
				GCC_C_LANGUAGE_STANDARD = gnu11;
				GCC_NO_COMMON_BLOCKS = YES;
				GCC_WARN_64_TO_32_BIT_CONVERSION = YES;
				GCC_WARN_ABOUT_RETURN_TYPE = YES_ERROR;
				GCC_WARN_UNDECLARED_SELECTOR = YES;
				GCC_WARN_UNINITIALIZED_AUTOS = YES_AGGRESSIVE;
				GCC_WARN_UNUSED_FUNCTION = YES;
				GCC_WARN_UNUSED_VARIABLE = YES;
				IPHONEOS_DEPLOYMENT_TARGET = 15.0;
				MTL_ENABLE_DEBUG_INFO = NO;
				MTL_FAST_MATH = YES;
				SDKROOT = iphoneos;
				SWIFT_COMPILATION_MODE = wholemodule;
				SWIFT_OPTIMIZATION_LEVEL = "-O";
				VALIDATE_PRODUCT = YES;
			};
			name = Release;
		};
		60B4BFCA275958D900C61469 /* Debug */ = {
			isa = XCBuildConfiguration;
			buildSettings = {
				ASSETCATALOG_COMPILER_APPICON_NAME = AppIcon;
				ASSETCATALOG_COMPILER_GLOBAL_ACCENT_COLOR_NAME = AccentColor;
				CODE_SIGN_STYLE = Automatic;
				CURRENT_PROJECT_VERSION = 1;
				DEVELOPMENT_ASSET_PATHS = "\"UMBC App/Preview Content\"";
				DEVELOPMENT_TEAM = "";
				ENABLE_PREVIEWS = YES;
				GENERATE_INFOPLIST_FILE = YES;
				INFOPLIST_FILE = "UMBC-App-Info.plist";
				INFOPLIST_KEY_UIApplicationSceneManifest_Generation = YES;
				INFOPLIST_KEY_UIApplicationSupportsIndirectInputEvents = YES;
				INFOPLIST_KEY_UILaunchScreen_Generation = YES;
				INFOPLIST_KEY_UISupportedInterfaceOrientations_iPad = "UIInterfaceOrientationPortrait UIInterfaceOrientationPortraitUpsideDown UIInterfaceOrientationLandscapeLeft UIInterfaceOrientationLandscapeRight";
				INFOPLIST_KEY_UISupportedInterfaceOrientations_iPhone = "UIInterfaceOrientationPortrait UIInterfaceOrientationLandscapeLeft UIInterfaceOrientationLandscapeRight";
				LD_RUNPATH_SEARCH_PATHS = (
					"$(inherited)",
					"@executable_path/Frameworks",
				);
				MARKETING_VERSION = 1.0;
				PRODUCT_BUNDLE_IDENTIFIER = "teamearth.UMBC-App";
				PRODUCT_NAME = "$(TARGET_NAME)";
				SWIFT_EMIT_LOC_STRINGS = YES;
				SWIFT_VERSION = 5.0;
				TARGETED_DEVICE_FAMILY = "1,2";
			};
			name = Debug;
		};
		60B4BFCB275958D900C61469 /* Release */ = {
			isa = XCBuildConfiguration;
			buildSettings = {
				ASSETCATALOG_COMPILER_APPICON_NAME = AppIcon;
				ASSETCATALOG_COMPILER_GLOBAL_ACCENT_COLOR_NAME = AccentColor;
				CODE_SIGN_STYLE = Automatic;
				CURRENT_PROJECT_VERSION = 1;
				DEVELOPMENT_ASSET_PATHS = "\"UMBC App/Preview Content\"";
				DEVELOPMENT_TEAM = "";
				ENABLE_PREVIEWS = YES;
				GENERATE_INFOPLIST_FILE = YES;
				INFOPLIST_FILE = "UMBC-App-Info.plist";
				INFOPLIST_KEY_UIApplicationSceneManifest_Generation = YES;
				INFOPLIST_KEY_UIApplicationSupportsIndirectInputEvents = YES;
				INFOPLIST_KEY_UILaunchScreen_Generation = YES;
				INFOPLIST_KEY_UISupportedInterfaceOrientations_iPad = "UIInterfaceOrientationPortrait UIInterfaceOrientationPortraitUpsideDown UIInterfaceOrientationLandscapeLeft UIInterfaceOrientationLandscapeRight";
				INFOPLIST_KEY_UISupportedInterfaceOrientations_iPhone = "UIInterfaceOrientationPortrait UIInterfaceOrientationLandscapeLeft UIInterfaceOrientationLandscapeRight";
				LD_RUNPATH_SEARCH_PATHS = (
					"$(inherited)",
					"@executable_path/Frameworks",
				);
				MARKETING_VERSION = 1.0;
				PRODUCT_BUNDLE_IDENTIFIER = "teamearth.UMBC-App";
				PRODUCT_NAME = "$(TARGET_NAME)";
				SWIFT_EMIT_LOC_STRINGS = YES;
				SWIFT_VERSION = 5.0;
				TARGETED_DEVICE_FAMILY = "1,2";
			};
			name = Release;
		};
		60B4BFCD275958D900C61469 /* Debug */ = {
			isa = XCBuildConfiguration;
			buildSettings = {
				ALWAYS_EMBED_SWIFT_STANDARD_LIBRARIES = YES;
				BUNDLE_LOADER = "$(TEST_HOST)";
				CODE_SIGN_STYLE = Automatic;
				CURRENT_PROJECT_VERSION = 1;
				GENERATE_INFOPLIST_FILE = YES;
				IPHONEOS_DEPLOYMENT_TARGET = 15.0;
				LD_RUNPATH_SEARCH_PATHS = (
					"$(inherited)",
					"@executable_path/Frameworks",
					"@loader_path/Frameworks",
				);
				MARKETING_VERSION = 1.0;
				PRODUCT_BUNDLE_IDENTIFIER = "teamearth.UMBC-AppTests";
				PRODUCT_NAME = "$(TARGET_NAME)";
				SWIFT_EMIT_LOC_STRINGS = NO;
				SWIFT_VERSION = 5.0;
				TARGETED_DEVICE_FAMILY = "1,2";
				TEST_HOST = "$(BUILT_PRODUCTS_DIR)/UMBC App.app/UMBC App";
			};
			name = Debug;
		};
		60B4BFCE275958D900C61469 /* Release */ = {
			isa = XCBuildConfiguration;
			buildSettings = {
				ALWAYS_EMBED_SWIFT_STANDARD_LIBRARIES = YES;
				BUNDLE_LOADER = "$(TEST_HOST)";
				CODE_SIGN_STYLE = Automatic;
				CURRENT_PROJECT_VERSION = 1;
				GENERATE_INFOPLIST_FILE = YES;
				IPHONEOS_DEPLOYMENT_TARGET = 15.0;
				LD_RUNPATH_SEARCH_PATHS = (
					"$(inherited)",
					"@executable_path/Frameworks",
					"@loader_path/Frameworks",
				);
				MARKETING_VERSION = 1.0;
				PRODUCT_BUNDLE_IDENTIFIER = "teamearth.UMBC-AppTests";
				PRODUCT_NAME = "$(TARGET_NAME)";
				SWIFT_EMIT_LOC_STRINGS = NO;
				SWIFT_VERSION = 5.0;
				TARGETED_DEVICE_FAMILY = "1,2";
				TEST_HOST = "$(BUILT_PRODUCTS_DIR)/UMBC App.app/UMBC App";
			};
			name = Release;
		};
		60B4BFD0275958D900C61469 /* Debug */ = {
			isa = XCBuildConfiguration;
			buildSettings = {
				ALWAYS_EMBED_SWIFT_STANDARD_LIBRARIES = YES;
				CODE_SIGN_STYLE = Automatic;
				CURRENT_PROJECT_VERSION = 1;
				GENERATE_INFOPLIST_FILE = YES;
				LD_RUNPATH_SEARCH_PATHS = (
					"$(inherited)",
					"@executable_path/Frameworks",
					"@loader_path/Frameworks",
				);
				MARKETING_VERSION = 1.0;
				PRODUCT_BUNDLE_IDENTIFIER = "teamearth.UMBC-AppUITests";
				PRODUCT_NAME = "$(TARGET_NAME)";
				SWIFT_EMIT_LOC_STRINGS = NO;
				SWIFT_VERSION = 5.0;
				TARGETED_DEVICE_FAMILY = "1,2";
				TEST_TARGET_NAME = "UMBC App";
			};
			name = Debug;
		};
		60B4BFD1275958D900C61469 /* Release */ = {
			isa = XCBuildConfiguration;
			buildSettings = {
				ALWAYS_EMBED_SWIFT_STANDARD_LIBRARIES = YES;
				CODE_SIGN_STYLE = Automatic;
				CURRENT_PROJECT_VERSION = 1;
				GENERATE_INFOPLIST_FILE = YES;
				LD_RUNPATH_SEARCH_PATHS = (
					"$(inherited)",
					"@executable_path/Frameworks",
					"@loader_path/Frameworks",
				);
				MARKETING_VERSION = 1.0;
				PRODUCT_BUNDLE_IDENTIFIER = "teamearth.UMBC-AppUITests";
				PRODUCT_NAME = "$(TARGET_NAME)";
				SWIFT_EMIT_LOC_STRINGS = NO;
				SWIFT_VERSION = 5.0;
				TARGETED_DEVICE_FAMILY = "1,2";
				TEST_TARGET_NAME = "UMBC App";
			};
			name = Release;
		};
/* End XCBuildConfiguration section */

/* Begin XCConfigurationList section */
		60B4BFA0275958D700C61469 /* Build configuration list for PBXProject "UMBC App" */ = {
			isa = XCConfigurationList;
			buildConfigurations = (
				60B4BFC7275958D900C61469 /* Debug */,
				60B4BFC8275958D900C61469 /* Release */,
			);
			defaultConfigurationIsVisible = 0;
			defaultConfigurationName = Release;
		};
		60B4BFC9275958D900C61469 /* Build configuration list for PBXNativeTarget "UMBC App" */ = {
			isa = XCConfigurationList;
			buildConfigurations = (
				60B4BFCA275958D900C61469 /* Debug */,
				60B4BFCB275958D900C61469 /* Release */,
			);
			defaultConfigurationIsVisible = 0;
			defaultConfigurationName = Release;
		};
		60B4BFCC275958D900C61469 /* Build configuration list for PBXNativeTarget "UMBC AppTests" */ = {
			isa = XCConfigurationList;
			buildConfigurations = (
				60B4BFCD275958D900C61469 /* Debug */,
				60B4BFCE275958D900C61469 /* Release */,
			);
			defaultConfigurationIsVisible = 0;
			defaultConfigurationName = Release;
		};
		60B4BFCF275958D900C61469 /* Build configuration list for PBXNativeTarget "UMBC AppUITests" */ = {
			isa = XCConfigurationList;
			buildConfigurations = (
				60B4BFD0275958D900C61469 /* Debug */,
				60B4BFD1275958D900C61469 /* Release */,
			);
			defaultConfigurationIsVisible = 0;
			defaultConfigurationName = Release;
		};
/* End XCConfigurationList section */
	};
	rootObject = 60B4BF9D275958D700C61469 /* Project object */;
}
